<?xml version="1.0" encoding="UTF-8"?>
<Scheme
   version = "1.3">
   <BuildAction>
      <BuildActionEntries>
         <BuildActionEntry
            buildForRunning = "YES"
            buildForTesting = "YES">
            <BuildableReference
               BuildableIdentifier = "primary"
               BlueprintIdentifier = "9B631694F494557D5D46C119"
               BuildableName = "MVVM-Pattern-in-iOSTests.xctest"
               BlueprintName = "MVVM-Pattern-in-iOSTests"
               ReferencedContainer = "container:MVVM-Pattern-in-iOS.xcodeproj">
            </BuildableReference>
         </BuildActionEntry>
      </BuildActionEntries>
   </BuildAction>
   <TestAction
      buildConfiguration = "Debug">
      <Testables>
         <TestableReference>
            <BuildableReference
               BuildableIdentifier = "primary"
               BlueprintIdentifier = "9B631694F494557D5D46C119"
               BuildableName = "MVVM-Pattern-in-iOSTests.xctest"
               BlueprintName = "MVVM-Pattern-in-iOSTests"
               ReferencedContainer = "container:MVVM-Pattern-in-iOS.xcodeproj">
            </BuildableReference>
            <SkippedTests>
            </SkippedTests>
         </TestableReference>
      </Testables>
   </TestAction>
   <LaunchAction
      useCustomWorkingDirectory = "NO">
   </LaunchAction>
</Scheme>
